
Microsoft Visual Studio Solution File, Format Version 12.00
# Visual Studio Version 16
VisualStudioVersion = 16.0.31229.75
MinimumVisualStudioVersion = 10.0.40219.1
Project("{FAE04EC0-301F-11D3-BF4B-00C04F79EFBC}") = "CommandGuiHelperPlugin", "CommandGuiHelperPlugin\CommandGuiHelperPlugin.csproj", "{35B0F995-4323-4BFA-85D4-FD27EEE64AAB}"
	ProjectSection(ProjectDependencies) = postProject
		{12597DB0-7C34-4DE1-88EA-9250FF3372EB} = {12597DB0-7C34-4DE1-88EA-9250FF3372EB}
	EndProjectSection
EndProject
Project("{FAE04EC0-301F-11D3-BF4B-00C04F79EFBC}") = "MCGalaxy_", "MCGalaxy\MCGalaxy\MCGalaxy_.csproj", "{12597DB0-7C34-4DE1-88EA-9250FF3372EB}"
EndProject
Global
	GlobalSection(SolutionConfigurationPlatforms) = preSolution
		Debug|Any CPU = Debug|Any CPU
		Debug|x86 = Debug|x86
		Release|Any CPU = Release|Any CPU
		Release|x86 = Release|x86
	EndGlobalSection
	GlobalSection(ProjectConfigurationPlatforms) = postSolution
		{35B0F995-4323-4BFA-85D4-FD27EEE64AAB}.Debug|Any CPU.ActiveCfg = Debug|Any CPU
		{35B0F995-4323-4BFA-85D4-FD27EEE64AAB}.Debug|Any CPU.Build.0 = Debug|Any CPU
		{35B0F995-4323-4BFA-85D4-FD27EEE64AAB}.Debug|x86.ActiveCfg = Debug|Any CPU
		{35B0F995-4323-4BFA-85D4-FD27EEE64AAB}.Debug|x86.Build.0 = Debug|Any CPU
		{35B0F995-4323-4BFA-85D4-FD27EEE64AAB}.Release|Any CPU.ActiveCfg = Release|Any CPU
		{35B0F995-4323-4BFA-85D4-FD27EEE64AAB}.Release|Any CPU.Build.0 = Release|Any CPU
		{35B0F995-4323-4BFA-85D4-FD27EEE64AAB}.Release|x86.ActiveCfg = Release|Any CPU
		{35B0F995-4323-4BFA-85D4-FD27EEE64AAB}.Release|x86.Build.0 = Release|Any CPU
		{12597DB0-7C34-4DE1-88EA-9250FF3372EB}.Debug|Any CPU.ActiveCfg = Debug|x86
		{12597DB0-7C34-4DE1-88EA-9250FF3372EB}.Debug|Any CPU.Build.0 = Debug|x86
		{12597DB0-7C34-4DE1-88EA-9250FF3372EB}.Debug|x86.ActiveCfg = Debug|x86
		{12597DB0-7C34-4DE1-88EA-9250FF3372EB}.Debug|x86.Build.0 = Debug|x86
		{12597DB0-7C34-4DE1-88EA-9250FF3372EB}.Release|Any CPU.ActiveCfg = Release|x86
		{12597DB0-7C34-4DE1-88EA-9250FF3372EB}.Release|x86.ActiveCfg = Release|x86
		{12597DB0-7C34-4DE1-88EA-9250FF3372EB}.Release|x86.Build.0 = Release|x86
	EndGlobalSection
	GlobalSection(SolutionProperties) = preSolution
		HideSolutionNode = FALSE
	EndGlobalSection
	GlobalSection(ExtensibilityGlobals) = postSolution
		SolutionGuid = {35E60437-8353-439C-AB97-2B9569DB5E88}
	EndGlobalSection
EndGlobal
